
Microsoft Visual Studio Solution File, Format Version 12.00
# Visual Studio Version 17
VisualStudioVersion = 17.13.35931.197 d17.13
MinimumVisualStudioVersion = 10.0.40219.1
Project("{8BC9CEB8-8B4A-11D0-8D11-00A0C91BC942}") = "homework_summer_5", "homework_summer_5\homework_summer_5.vcxproj", "{FDDACA48-E04F-486B-9082-D19F86BF028F}"
EndProject
Global
	GlobalSection(SolutionConfigurationPlatforms) = preSolution
		Debug|x64 = Debug|x64
		Debug|x86 = Debug|x86
		Release|x64 = Release|x64
		Release|x86 = Release|x86
	EndGlobalSection
	GlobalSection(ProjectConfigurationPlatforms) = postSolution
		{FDDACA48-E04F-486B-9082-D19F86BF028F}.Debug|x64.ActiveCfg = Debug|x64
		{FDDACA48-E04F-486B-9082-D19F86BF028F}.Debug|x64.Build.0 = Debug|x64
		{FDDACA48-E04F-486B-9082-D19F86BF028F}.Debug|x86.ActiveCfg = Debug|Win32
		{FDDACA48-E04F-486B-9082-D19F86BF028F}.Debug|x86.Build.0 = Debug|Win32
		{FDDACA48-E04F-486B-9082-D19F86BF028F}.Release|x64.ActiveCfg = Release|x64
		{FDDACA48-E04F-486B-9082-D19F86BF028F}.Release|x64.Build.0 = Release|x64
		{FDDACA48-E04F-486B-9082-D19F86BF028F}.Release|x86.ActiveCfg = Release|Win32
		{FDDACA48-E04F-486B-9082-D19F86BF028F}.Release|x86.Build.0 = Release|Win32
	EndGlobalSection
	GlobalSection(SolutionProperties) = preSolution
		HideSolutionNode = FALSE
	EndGlobalSection
	GlobalSection(ExtensibilityGlobals) = postSolution
		SolutionGuid = {AFC0C355-D0B5-4BFC-9333-6BFED2DB6796}
	EndGlobalSection
EndGlobal
